
Microsoft Visual Studio Solution File, Format Version 12.00
# Visual Studio 15
VisualStudioVersion = 15.0.27130.2024
MinimumVisualStudioVersion = 10.0.40219.1
Project("{FAE04EC0-301F-11D3-BF4B-00C04F79EFBC}") = "TPLTaskGithub", "TPLTaskGithub\TPLTaskGithub.csproj", "{6A036CB0-4822-432A-BAB3-5C03C835EBC0}"
EndProject
Global
	GlobalSection(SolutionConfigurationPlatforms) = preSolution
		Debug|Any CPU = Debug|Any CPU
		Release|Any CPU = Release|Any CPU
	EndGlobalSection
	GlobalSection(ProjectConfigurationPlatforms) = postSolution
		{6A036CB0-4822-432A-BAB3-5C03C835EBC0}.Debug|Any CPU.ActiveCfg = Debug|Any CPU
		{6A036CB0-4822-432A-BAB3-5C03C835EBC0}.Debug|Any CPU.Build.0 = Debug|Any CPU
		{6A036CB0-4822-432A-BAB3-5C03C835EBC0}.Release|Any CPU.ActiveCfg = Release|Any CPU
		{6A036CB0-4822-432A-BAB3-5C03C835EBC0}.Release|Any CPU.Build.0 = Release|Any CPU
	EndGlobalSection
	GlobalSection(SolutionProperties) = preSolution
		HideSolutionNode = FALSE
	EndGlobalSection
	GlobalSection(ExtensibilityGlobals) = postSolution
		SolutionGuid = {706C82A0-92F6-4A0A-A9B2-2826D38FCFA4}
	EndGlobalSection
EndGlobal
